
Microsoft Visual Studio Solution File, Format Version 12.00
# Visual Studio Version 17
VisualStudioVersion = 17.1.32210.238
MinimumVisualStudioVersion = 10.0.40219.1
Project("{FAE04EC0-301F-11D3-BF4B-00C04F79EFBC}") = "OrderEditorWebApp", "OrderEditorWebApp\OrderEditorWebApp.csproj", "{BE51A691-7A67-4CD8-9095-BFAD59C1AF40}"
EndProject
Global
	GlobalSection(SolutionConfigurationPlatforms) = preSolution
		Debug|Any CPU = Debug|Any CPU
		Release|Any CPU = Release|Any CPU
	EndGlobalSection
	GlobalSection(ProjectConfigurationPlatforms) = postSolution
		{BE51A691-7A67-4CD8-9095-BFAD59C1AF40}.Debug|Any CPU.ActiveCfg = Debug|Any CPU
		{BE51A691-7A67-4CD8-9095-BFAD59C1AF40}.Debug|Any CPU.Build.0 = Debug|Any CPU
		{BE51A691-7A67-4CD8-9095-BFAD59C1AF40}.Release|Any CPU.ActiveCfg = Release|Any CPU
		{BE51A691-7A67-4CD8-9095-BFAD59C1AF40}.Release|Any CPU.Build.0 = Release|Any CPU
	EndGlobalSection
	GlobalSection(SolutionProperties) = preSolution
		HideSolutionNode = FALSE
	EndGlobalSection
	GlobalSection(ExtensibilityGlobals) = postSolution
		SolutionGuid = {288514F6-6A85-4785-9D87-3187D72AA5E6}
	EndGlobalSection
EndGlobal
